
Microsoft Visual Studio Solution File, Format Version 12.00
# Visual Studio Version 16
VisualStudioVersion = 16.0.29102.190
MinimumVisualStudioVersion = 10.0.40219.1
Project("{FAE04EC0-301F-11D3-BF4B-00C04F79EFBC}") = "20190819_OperationsOverloadingDemo", "20190819_OperationsOverloadingDemo.csproj", "{F088C66F-3079-4536-ABF7-B1663E33F513}"
EndProject
Global
	GlobalSection(SolutionConfigurationPlatforms) = preSolution
		Debug|Any CPU = Debug|Any CPU
		Release|Any CPU = Release|Any CPU
	EndGlobalSection
	GlobalSection(ProjectConfigurationPlatforms) = postSolution
		{F088C66F-3079-4536-ABF7-B1663E33F513}.Debug|Any CPU.ActiveCfg = Debug|Any CPU
		{F088C66F-3079-4536-ABF7-B1663E33F513}.Debug|Any CPU.Build.0 = Debug|Any CPU
		{F088C66F-3079-4536-ABF7-B1663E33F513}.Release|Any CPU.ActiveCfg = Release|Any CPU
		{F088C66F-3079-4536-ABF7-B1663E33F513}.Release|Any CPU.Build.0 = Release|Any CPU
	EndGlobalSection
	GlobalSection(SolutionProperties) = preSolution
		HideSolutionNode = FALSE
	EndGlobalSection
	GlobalSection(ExtensibilityGlobals) = postSolution
		SolutionGuid = {D953C8E8-6AD8-4A6C-84FD-754C2DCC2A54}
	EndGlobalSection
EndGlobal
