
Microsoft Visual Studio Solution File, Format Version 12.00
# Visual Studio Version 16
VisualStudioVersion = 16.0.28917.181
MinimumVisualStudioVersion = 10.0.40219.1
Project("{FAE04EC0-301F-11D3-BF4B-00C04F79EFBC}") = "Exchange_two_nums", "Exchange_two_nums.csproj", "{F9D6183E-29C1-40FF-8061-0F71BE9B81FB}"
EndProject
Global
	GlobalSection(SolutionConfigurationPlatforms) = preSolution
		Debug|Any CPU = Debug|Any CPU
		Release|Any CPU = Release|Any CPU
	EndGlobalSection
	GlobalSection(ProjectConfigurationPlatforms) = postSolution
		{F9D6183E-29C1-40FF-8061-0F71BE9B81FB}.Debug|Any CPU.ActiveCfg = Debug|Any CPU
		{F9D6183E-29C1-40FF-8061-0F71BE9B81FB}.Debug|Any CPU.Build.0 = Debug|Any CPU
		{F9D6183E-29C1-40FF-8061-0F71BE9B81FB}.Release|Any CPU.ActiveCfg = Release|Any CPU
		{F9D6183E-29C1-40FF-8061-0F71BE9B81FB}.Release|Any CPU.Build.0 = Release|Any CPU
	EndGlobalSection
	GlobalSection(SolutionProperties) = preSolution
		HideSolutionNode = FALSE
	EndGlobalSection
	GlobalSection(ExtensibilityGlobals) = postSolution
		SolutionGuid = {CEE37BB3-62C3-4FBE-B873-47B3091D1FE6}
	EndGlobalSection
EndGlobal
