
Microsoft Visual Studio Solution File, Format Version 12.00
# Visual Studio Version 16
VisualStudioVersion = 16.0.29123.88
MinimumVisualStudioVersion = 10.0.40219.1
Project("{FAE04EC0-301F-11D3-BF4B-00C04F79EFBC}") = "Fraction", "Fraction.csproj", "{D45F5063-DAD4-41E3-A432-0FBD478E9DEC}"
EndProject
Global
	GlobalSection(SolutionConfigurationPlatforms) = preSolution
		Debug|Any CPU = Debug|Any CPU
		Release|Any CPU = Release|Any CPU
	EndGlobalSection
	GlobalSection(ProjectConfigurationPlatforms) = postSolution
		{D45F5063-DAD4-41E3-A432-0FBD478E9DEC}.Debug|Any CPU.ActiveCfg = Debug|Any CPU
		{D45F5063-DAD4-41E3-A432-0FBD478E9DEC}.Debug|Any CPU.Build.0 = Debug|Any CPU
		{D45F5063-DAD4-41E3-A432-0FBD478E9DEC}.Release|Any CPU.ActiveCfg = Release|Any CPU
		{D45F5063-DAD4-41E3-A432-0FBD478E9DEC}.Release|Any CPU.Build.0 = Release|Any CPU
	EndGlobalSection
	GlobalSection(SolutionProperties) = preSolution
		HideSolutionNode = FALSE
	EndGlobalSection
	GlobalSection(ExtensibilityGlobals) = postSolution
		SolutionGuid = {61AF2FFF-6FBB-418B-AE70-CE002A5217E1}
	EndGlobalSection
EndGlobal
