
Microsoft Visual Studio Solution File, Format Version 12.00
# Visual Studio Version 16
VisualStudioVersion = 16.0.28917.181
MinimumVisualStudioVersion = 10.0.40219.1
Project("{FAE04EC0-301F-11D3-BF4B-00C04F79EFBC}") = "WebApplication1", "WebApplication1\WebApplication1.csproj", "{955A81FF-7365-4078-94A9-A47EEB0DB212}"
EndProject
Global
	GlobalSection(SolutionConfigurationPlatforms) = preSolution
		Debug|Any CPU = Debug|Any CPU
		Release|Any CPU = Release|Any CPU
	EndGlobalSection
	GlobalSection(ProjectConfigurationPlatforms) = postSolution
		{955A81FF-7365-4078-94A9-A47EEB0DB212}.Debug|Any CPU.ActiveCfg = Debug|Any CPU
		{955A81FF-7365-4078-94A9-A47EEB0DB212}.Debug|Any CPU.Build.0 = Debug|Any CPU
		{955A81FF-7365-4078-94A9-A47EEB0DB212}.Release|Any CPU.ActiveCfg = Release|Any CPU
		{955A81FF-7365-4078-94A9-A47EEB0DB212}.Release|Any CPU.Build.0 = Release|Any CPU
	EndGlobalSection
	GlobalSection(SolutionProperties) = preSolution
		HideSolutionNode = FALSE
	EndGlobalSection
	GlobalSection(ExtensibilityGlobals) = postSolution
		SolutionGuid = {6261C380-3AB7-431B-B3FB-765174E0FB87}
	EndGlobalSection
EndGlobal
